{
    "_readme": [
        "This file locks the dependencies of your project to a known state",
        "Read more about it at https://getcomposer.org/doc/01-basic-usage.md#composer-lock-the-lock-file",
        "This file is @generated automatically"
    ],
    "content-hash": "9d8c48d2612e44ddfe8c80ed167e6a7a",
    "packages": [
        {
            "name": "altorouter/altorouter",
            "version": "v1.2.0",
            "source": {
                "type": "git",
                "url": "https://github.com/dannyvankooten/AltoRouter.git",
                "reference": "39c50092470128c12284d332bb57f306bb5b58e4"
            },
            "dist": {
                "type": "zip",
                "url": "https://api.github.com/repos/dannyvankooten/AltoRouter/zipball/39c50092470128c12284d332bb57f306bb5b58e4",
                "reference": "39c50092470128c12284d332bb57f306bb5b58e4",
                "shasum": ""
            },
            "require": {
                "php": ">=5.3.0"
            },
            "require-dev": {
                "codeclimate/php-test-reporter": "dev-master",
                "phpunit/phpunit": "4.5.*"
            },
            "type": "library",
            "autoload": {
                "classmap": [
                    "AltoRouter.php"
                ]
            },
            "notification-url": "https://packagist.org/downloads/",
            "license": [
                "MIT"
            ],
            "authors": [
                {
                    "name": "Danny van Kooten",
                    "email": "dannyvankooten@gmail.com",
                    "homepage": "http://dannyvankooten.com/"
                },
                {
                    "name": "Koen Punt",
                    "homepage": "https://github.com/koenpunt"
                },
                {
                    "name": "niahoo",
                    "homepage": "https://github.com/niahoo"
                }
            ],
            "description": "A lightning fast router for PHP",
            "homepage": "https://github.com/dannyvankooten/AltoRouter",
            "keywords": [
                "lightweight",
                "router",
                "routing"
            ],
            "time": "2015-11-30T00:47:43+00:00"
        },
        {
            "name": "bephp/activerecord",
            "version": "v2.1.1",
            "source": {
                "type": "git",
                "url": "https://github.com/bephp/activerecord.git",
                "reference": "a827ad80fc16678eca186cfc7be968c1dad7307d"
            },
            "dist": {
                "type": "zip",
                "url": "https://api.github.com/repos/bephp/activerecord/zipball/a827ad80fc16678eca186cfc7be968c1dad7307d",
                "reference": "a827ad80fc16678eca186cfc7be968c1dad7307d",
                "shasum": ""
            },
            "require": {
                "php": ">=5.3.0"
            },
            "require-dev": {
                "phpdocumentor/phpdocumentor": "^2.8",
                "phpunit/phpunit": "*",
                "satooshi/php-coveralls": "*"
            },
            "type": "library",
            "autoload": {
                "files": [
                    "ActiveRecord.php"
                ]
            },
            "notification-url": "https://packagist.org/downloads/",
            "license": [
                "MIT"
            ],
            "description": "micro activerecord library in PHP(only 400 lines with comments), support chain calls and relations(HAS_ONE, HAS_MANY, BELONGS_TO).",
            "homepage": "http://lloydzhou.github.io/activerecord/",
            "keywords": [
                "activerecord",
                "database",
                "micro",
                "orm",
                "pdo",
                "relation"
            ],
            "time": "2016-10-22T08:58:47+00:00"
        }
    ],
    "packages-dev": [],
    "aliases": [],
    "minimum-stability": "stable",
    "stability-flags": [],
    "prefer-stable": false,
    "prefer-lowest": false,
    "platform": [],
    "platform-dev": []
}
